PODS:
  - MatchingEngine (1.4.2.3):
    - NSLogger/Swift
    - PromisesSwift
    - SwiftyJSON
  - NSLogger/ObjC (1.9.7)
  - NSLogger/Swift (1.9.7):
    - NSLogger/ObjC
  - PromisesObjC (1.2.8)
  - PromisesSwift (1.2.8):
    - PromisesObjC (= 1.2.8)
  - Starscream (3.1.0)
  - SwiftyJSON (5.0.0)

DEPENDENCIES:
  - MatchingEngine
  - Starscream

SPEC REPOS:
  "https://artifactory.mobiledgex.net/artifactory/api/pods/cocoapods-releases\n":
    - MatchingEngine
  https://github.com/CocoaPods/Specs.git:
    - NSLogger
    - PromisesObjC
    - PromisesSwift
    - Starscream
    - SwiftyJSON

SPEC CHECKSUMS:
  MatchingEngine: bff96adba845b0ca83199124077dcbef1031192c
  NSLogger: cf3013a4fba189f631f07e6c3d5b8ce2b209654b
  PromisesObjC: c119f3cd559f50b7ae681fa59dc1acd19173b7e6
  PromisesSwift: 37bad6f4daddb02f7c9c531efe91e8b21c13ee2f
  Starscream: 08172b481e145289c4930cb567230fb55897cfa4
  SwiftyJSON: 36413e04c44ee145039d332b4f4e2d3e8d6c4db7

PODFILE CHECKSUM: 7f828ff760aee07b165e43fe00d80624e8db1a7a

COCOAPODS: 1.8.3
