PODS:
  - DropDown (2.3.13)
  - GoogleMaps (3.3.0):
    - GoogleMaps/Maps (= 3.3.0)
  - GoogleMaps/Base (3.3.0)
  - GoogleMaps/Maps (3.3.0):
    - GoogleMaps/Base
  - GoogleSignIn (4.4.0):
    - "GoogleToolboxForMac/NSDictionary+URLArguments (~> 2.1)"
    - "GoogleToolboxForMac/NSString+URLArguments (~> 2.1)"
    - GTMSessionFetcher/Core (~> 1.1)
  - GoogleToolboxForMac/DebugUtils (2.2.1):
    - GoogleToolboxForMac/Defines (= 2.2.1)
  - GoogleToolboxForMac/Defines (2.2.1)
  - "GoogleToolboxForMac/NSDictionary+URLArguments (2.2.1)":
    - GoogleToolboxForMac/DebugUtils (= 2.2.1)
    - GoogleToolboxForMac/Defines (= 2.2.1)
    - "GoogleToolboxForMac/NSString+URLArguments (= 2.2.1)"
  - "GoogleToolboxForMac/NSString+URLArguments (2.2.1)"
  - GTMSessionFetcher/Core (1.2.2)
  - MobiledgeXiOSLibrary (2.3.1):
    - PromisesSwift (~> 1.2.8)
    - Socket.IO-Client-Swift (~> 15.2.0)
    - SwiftyJSON (~> 5.0.0)
  - PromisesObjC (1.2.8)
  - PromisesSwift (1.2.8):
    - PromisesObjC (= 1.2.8)
  - Socket.IO-Client-Swift (15.2.0):
    - Starscream (~> 3.1)
  - SPPermission (2.9)
  - Starscream (3.1.1)
  - SwiftLocation (4.0.2)
  - SwiftLog (1.0.0)
  - SwiftyJSON (5.0.0)

DEPENDENCIES:
  - DropDown
  - GoogleMaps (= 3.3.0)
  - GoogleSignIn
  - MobiledgeXiOSLibrary (from `../../IOSMatchingEngineSDK/`)
  - PromisesSwift
  - SPPermission (= 2.9)
  - SwiftLocation
  - SwiftLog
  - SwiftyJSON

SPEC REPOS:
  https://github.com/CocoaPods/Specs.git:
    - DropDown
    - GoogleMaps
    - GoogleSignIn
    - GoogleToolboxForMac
    - GTMSessionFetcher
    - PromisesObjC
    - PromisesSwift
    - Socket.IO-Client-Swift
    - SPPermission
    - Starscream
    - SwiftLocation
    - SwiftLog
    - SwiftyJSON

EXTERNAL SOURCES:
  MobiledgeXiOSLibrary:
    :path: "../../IOSMatchingEngineSDK/"

SPEC CHECKSUMS:
  DropDown: 8a2116376c1981888557f72ec2ffc9a5e0e456ec
  GoogleMaps: cfee83da305b9aaeccf92c24ac79df11c3003492
  GoogleSignIn: 7ff245e1a7b26d379099d3243a562f5747e23d39
  GoogleToolboxForMac: b3553629623a3b1bff17f555e736cd5a6d95ad55
  GTMSessionFetcher: 61bb0f61a4cb560030f1222021178008a5727a23
  MobiledgeXiOSLibrary: 80a2844f1cca3ba9599725c42fdf813f5bc53173
  PromisesObjC: c119f3cd559f50b7ae681fa59dc1acd19173b7e6
  PromisesSwift: 37bad6f4daddb02f7c9c531efe91e8b21c13ee2f
  Socket.IO-Client-Swift: 1e3e3a1f09f3312a167f0d781eb2f383d477357c
  SPPermission: 0d9649a0fa3a3d308eb787da6780ed3abdd83cab
  Starscream: 4bb2f9942274833f7b4d296a55504dcfc7edb7b0
  SwiftLocation: 4f030832331a21abaa4e0c5189d0f80ab8d3e377
  SwiftLog: f6c4f9a4ade06263555ab34b2c0f72025ffcda9e
  SwiftyJSON: 36413e04c44ee145039d332b4f4e2d3e8d6c4db7

PODFILE CHECKSUM: 522515c945b23c79bf50ac34c279a75344d9e0ce

COCOAPODS: 1.8.4
